// !$*UTF8*$!
{
	archiveVersion = 1;
	classes = {
	};
	objectVersion = 46;
	objects = {

/* Begin PBXBuildFile section */
		D66FC09F18FE35610059D1E2 /* Foundation.framework in Frameworks */ = {isa = PBXBuildFile; fileRef = D66FC09E18FE35610059D1E2 /* Foundation.framework */; };
		D66FC0A118FE35610059D1E2 /* CoreGraphics.framework in Frameworks */ = {isa = PBXBuildFile; fileRef = D66FC0A018FE35610059D1E2 /* CoreGraphics.framework */; };
		D66FC0A318FE35610059D1E2 /* UIKit.framework in Frameworks */ = {isa = PBXBuildFile; fileRef = D66FC0A218FE35610059D1E2 /* UIKit.framework */; };
		D66FC0A918FE35610059D1E2 /* InfoPlist.strings in Resources */ = {isa = PBXBuildFile; fileRef = D66FC0A718FE35610059D1E2 /* InfoPlist.strings */; };
		D66FC0AB18FE35610059D1E2 /* main.m in Sources */ = {isa = PBXBuildFile; fileRef = D66FC0AA18FE35610059D1E2 /* main.m */; };
		D66FC0AF18FE35610059D1E2 /* ChecklistsAppDelegate.m in Sources */ = {isa = PBXBuildFile; fileRef = D66FC0AE18FE35610059D1E2 /* ChecklistsAppDelegate.m */; };
		D66FC0B218FE35610059D1E2 /* Main.storyboard in Resources */ = {isa = PBXBuildFile; fileRef = D66FC0B018FE35610059D1E2 /* Main.storyboard */; };
		D66FC0B518FE35610059D1E2 /* ChecklistsViewController.m in Sources */ = {isa = PBXBuildFile; fileRef = D66FC0B418FE35610059D1E2 /* ChecklistsViewController.m */; };
		D66FC0B718FE35610059D1E2 /* Images.xcassets in Resources */ = {isa = PBXBuildFile; fileRef = D66FC0B618FE35610059D1E2 /* Images.xcassets */; };
		D66FC0BE18FE35610059D1E2 /* XCTest.framework in Frameworks */ = {isa = PBXBuildFile; fileRef = D66FC0BD18FE35610059D1E2 /* XCTest.framework */; };
		D66FC0BF18FE35610059D1E2 /* Foundation.framework in Frameworks */ = {isa = PBXBuildFile; fileRef = D66FC09E18FE35610059D1E2 /* Foundation.framework */; };
		D66FC0C018FE35610059D1E2 /* UIKit.framework in Frameworks */ = {isa = PBXBuildFile; fileRef = D66FC0A218FE35610059D1E2 /* UIKit.framework */; };
		D66FC0C818FE35610059D1E2 /* InfoPlist.strings in Resources */ = {isa = PBXBuildFile; fileRef = D66FC0C618FE35610059D1E2 /* InfoPlist.strings */; };
		D66FC0CA18FE35610059D1E2 /* ChecklistsTests.m in Sources */ = {isa = PBXBuildFile; fileRef = D66FC0C918FE35610059D1E2 /* ChecklistsTests.m */; };
/* End PBXBuildFile section */

/* Begin PBXContainerItemProxy section */
		D66FC0C118FE35610059D1E2 /* PBXContainerItemProxy */ = {
			isa = PBXContainerItemProxy;
			containerPortal = D66FC09318FE35610059D1E2 /* Project object */;
			proxyType = 1;
			remoteGlobalIDString = D66FC09A18FE35610059D1E2;
			remoteInfo = Checklists;
		};
/* End PBXContainerItemProxy section */

/* Begin PBXFileReference section */
		D66FC09B18FE35610059D1E2 /* Checklists.app */ = {isa = PBXFileReference; explicitFileType = wrapper.application; includeInIndex = 0; path = Checklists.app; sourceTree = BUILT_PRODUCTS_DIR; };
		D66FC09E18FE35610059D1E2 /* Foundation.framework */ = {isa = PBXFileReference; lastKnownFileType = wrapper.framework; name = Foundation.framework; path = System/Library/Frameworks/Foundation.framework; sourceTree = SDKROOT; };
		D66FC0A018FE35610059D1E2 /* CoreGraphics.framework */ = {isa = PBXFileReference; lastKnownFileType = wrapper.framework; name = CoreGraphics.framework; path = System/Library/Frameworks/CoreGraphics.framework; sourceTree = SDKROOT; };
		D66FC0A218FE35610059D1E2 /* UIKit.framework */ = {isa = PBXFileReference; lastKnownFileType = wrapper.framework; name = UIKit.framework; path = System/Library/Frameworks/UIKit.framework; sourceTree = SDKROOT; };
		D66FC0A618FE35610059D1E2 /* Checklists-Info.plist */ = {isa = PBXFileReference; lastKnownFileType = text.plist.xml; path = "Checklists-Info.plist"; sourceTree = "<group>"; };
		D66FC0A818FE35610059D1E2 /* en */ = {isa = PBXFileReference; lastKnownFileType = text.plist.strings; name = en; path = en.lproj/InfoPlist.strings; sourceTree = "<group>"; };
		D66FC0AA18FE35610059D1E2 /* main.m */ = {isa = PBXFileReference; lastKnownFileType = sourcecode.c.objc; path = main.m; sourceTree = "<group>"; };
		D66FC0AC18FE35610059D1E2 /* Checklists-Prefix.pch */ = {isa = PBXFileReference; lastKnownFileType = sourcecode.c.h; path = "Checklists-Prefix.pch"; sourceTree = "<group>"; };
		D66FC0AD18FE35610059D1E2 /* ChecklistsAppDelegate.h */ = {isa = PBXFileReference; lastKnownFileType = sourcecode.c.h; path = ChecklistsAppDelegate.h; sourceTree = "<group>"; };
		D66FC0AE18FE35610059D1E2 /* ChecklistsAppDelegate.m */ = {isa = PBXFileReference; lastKnownFileType = sourcecode.c.objc; path = ChecklistsAppDelegate.m; sourceTree = "<group>"; };
		D66FC0B118FE35610059D1E2 /* Base */ = {isa = PBXFileReference; lastKnownFileType = file.storyboard; name = Base; path = Base.lproj/Main.storyboard; sourceTree = "<group>"; };
		D66FC0B318FE35610059D1E2 /* ChecklistsViewController.h */ = {isa = PBXFileReference; lastKnownFileType = sourcecode.c.h; path = ChecklistsViewController.h; sourceTree = "<group>"; };
		D66FC0B418FE35610059D1E2 /* ChecklistsViewController.m */ = {isa = PBXFileReference; lastKnownFileType = sourcecode.c.objc; path = ChecklistsViewController.m; sourceTree = "<group>"; };
		D66FC0B618FE35610059D1E2 /* Images.xcassets */ = {isa = PBXFileReference; lastKnownFileType = folder.assetcatalog; path = Images.xcassets; sourceTree = "<group>"; };
		D66FC0BC18FE35610059D1E2 /* ChecklistsTests.xctest */ = {isa = PBXFileReference; explicitFileType = wrapper.cfbundle; includeInIndex = 0; path = ChecklistsTests.xctest; sourceTree = BUILT_PRODUCTS_DIR; };
		D66FC0BD18FE35610059D1E2 /* XCTest.framework */ = {isa = PBXFileReference; lastKnownFileType = wrapper.framework; name = XCTest.framework; path = Library/Frameworks/XCTest.framework; sourceTree = DEVELOPER_DIR; };
		D66FC0C518FE35610059D1E2 /* ChecklistsTests-Info.plist */ = {isa = PBXFileReference; lastKnownFileType = text.plist.xml; path = "ChecklistsTests-Info.plist"; sourceTree = "<group>"; };
		D66FC0C718FE35610059D1E2 /* en */ = {isa = PBXFileReference; lastKnownFileType = text.plist.strings; name = en; path = en.lproj/InfoPlist.strings; sourceTree = "<group>"; };
		D66FC0C918FE35610059D1E2 /* ChecklistsTests.m */ = {isa = PBXFileReference; lastKnownFileType = sourcecode.c.objc; path = ChecklistsTests.m; sourceTree = "<group>"; };
/* End PBXFileReference section */

/* Begin PBXFrameworksBuildPhase section */
		D66FC09818FE35610059D1E2 /* Frameworks */ = {
			isa = PBXFrameworksBuildPhase;
			buildActionMask = 2147483647;
			files = (
				D66FC0A118FE35610059D1E2 /* CoreGraphics.framework in Frameworks */,
				D66FC0A318FE35610059D1E2 /* UIKit.framework in Frameworks */,
				D66FC09F18FE35610059D1E2 /* Foundation.framework in Frameworks */,
			);
			runOnlyForDeploymentPostprocessing = 0;
		};
		D66FC0B918FE35610059D1E2 /* Frameworks */ = {
			isa = PBXFrameworksBuildPhase;
			buildActionMask = 2147483647;
			files = (
				D66FC0BE18FE35610059D1E2 /* XCTest.framework in Frameworks */,
				D66FC0C018FE35610059D1E2 /* UIKit.framework in Frameworks */,
				D66FC0BF18FE35610059D1E2 /* Foundation.framework in Frameworks */,
			);
			runOnlyForDeploymentPostprocessing = 0;
		};
/* End PBXFrameworksBuildPhase section */

/* Begin PBXGroup section */
		D66FC09218FE35610059D1E2 = {
			isa = PBXGroup;
			children = (
				D66FC0A418FE35610059D1E2 /* Checklists */,
				D66FC0C318FE35610059D1E2 /* ChecklistsTests */,
				D66FC09D18FE35610059D1E2 /* Frameworks */,
				D66FC09C18FE35610059D1E2 /* Products */,
			);
			sourceTree = "<group>";
		};
		D66FC09C18FE35610059D1E2 /* Products */ = {
			isa = PBXGroup;
			children = (
				D66FC09B18FE35610059D1E2 /* Checklists.app */,
				D66FC0BC18FE35610059D1E2 /* ChecklistsTests.xctest */,
			);
			name = Products;
			sourceTree = "<group>";
		};
		D66FC09D18FE35610059D1E2 /* Frameworks */ = {
			isa = PBXGroup;
			children = (
				D66FC09E18FE35610059D1E2 /* Foundation.framework */,
				D66FC0A018FE35610059D1E2 /* CoreGraphics.framework */,
				D66FC0A218FE35610059D1E2 /* UIKit.framework */,
				D66FC0BD18FE35610059D1E2 /* XCTest.framework */,
			);
			name = Frameworks;
			sourceTree = "<group>";
		};
		D66FC0A418FE35610059D1E2 /* Checklists */ = {
			isa = PBXGroup;
			children = (
				D66FC0AD18FE35610059D1E2 /* ChecklistsAppDelegate.h */,
				D66FC0AE18FE35610059D1E2 /* ChecklistsAppDelegate.m */,
				D66FC0B018FE35610059D1E2 /* Main.storyboard */,
				D66FC0B318FE35610059D1E2 /* ChecklistsViewController.h */,
				D66FC0B418FE35610059D1E2 /* ChecklistsViewController.m */,
				D66FC0B618FE35610059D1E2 /* Images.xcassets */,
				D66FC0A518FE35610059D1E2 /* Supporting Files */,
			);
			path = Checklists;
			sourceTree = "<group>";
		};
		D66FC0A518FE35610059D1E2 /* Supporting Files */ = {
			isa = PBXGroup;
			children = (
				D66FC0A618FE35610059D1E2 /* Checklists-Info.plist */,
				D66FC0A718FE35610059D1E2 /* InfoPlist.strings */,
				D66FC0AA18FE35610059D1E2 /* main.m */,
				D66FC0AC18FE35610059D1E2 /* Checklists-Prefix.pch */,
			);
			name = "Supporting Files";
			sourceTree = "<group>";
		};
		D66FC0C318FE35610059D1E2 /* ChecklistsTests */ = {
			isa = PBXGroup;
			children = (
				D66FC0C918FE35610059D1E2 /* ChecklistsTests.m */,
				D66FC0C418FE35610059D1E2 /* Supporting Files */,
			);
			path = ChecklistsTests;
			sourceTree = "<group>";
		};
		D66FC0C418FE35610059D1E2 /* Supporting Files */ = {
			isa = PBXGroup;
			children = (
				D66FC0C518FE35610059D1E2 /* ChecklistsTests-Info.plist */,
				D66FC0C618FE35610059D1E2 /* InfoPlist.strings */,
			);
			name = "Supporting Files";
			sourceTree = "<group>";
		};
/* End PBXGroup section */

/* Begin PBXNativeTarget section */
		D66FC09A18FE35610059D1E2 /* Checklists */ = {
			isa = PBXNativeTarget;
			buildConfigurationList = D66FC0CD18FE35610059D1E2 /* Build configuration list for PBXNativeTarget "Checklists" */;
			buildPhases = (
				D66FC09718FE35610059D1E2 /* Sources */,
				D66FC09818FE35610059D1E2 /* Frameworks */,
				D66FC09918FE35610059D1E2 /* Resources */,
			);
			buildRules = (
			);
			dependencies = (
			);
			name = Checklists;
			productName = Checklists;
			productReference = D66FC09B18FE35610059D1E2 /* Checklists.app */;
			productType = "com.apple.product-type.application";
		};
		D66FC0BB18FE35610059D1E2 /* ChecklistsTests */ = {
			isa = PBXNativeTarget;
			buildConfigurationList = D66FC0D018FE35610059D1E2 /* Build configuration list for PBXNativeTarget "ChecklistsTests" */;
			buildPhases = (
				D66FC0B818FE35610059D1E2 /* Sources */,
				D66FC0B918FE35610059D1E2 /* Frameworks */,
				D66FC0BA18FE35610059D1E2 /* Resources */,
			);
			buildRules = (
			);
			dependencies = (
				D66FC0C218FE35610059D1E2 /* PBXTargetDependency */,
			);
			name = ChecklistsTests;
			productName = ChecklistsTests;
			productReference = D66FC0BC18FE35610059D1E2 /* ChecklistsTests.xctest */;
			productType = "com.apple.product-type.bundle.unit-test";
		};
/* End PBXNativeTarget section */

/* Begin PBXProject section */
		D66FC09318FE35610059D1E2 /* Project object */ = {
			isa = PBXProject;
			attributes = {
				CLASSPREFIX = Checklists;
				LastUpgradeCheck = 0510;
				ORGANIZATIONNAME = Fairbanksdan;
				TargetAttributes = {
					D66FC0BB18FE35610059D1E2 = {
						TestTargetID = D66FC09A18FE35610059D1E2;
					};
				};
			};
			buildConfigurationList = D66FC09618FE35610059D1E2 /* Build configuration list for PBXProject "Checklists" */;
			compatibilityVersion = "Xcode 3.2";
			developmentRegion = English;
			hasScannedForEncodings = 0;
			knownRegions = (
				en,
				Base,
			);
			mainGroup = D66FC09218FE35610059D1E2;
			productRefGroup = D66FC09C18FE35610059D1E2 /* Products */;
			projectDirPath = "";
			projectRoot = "";
			targets = (
				D66FC09A18FE35610059D1E2 /* Checklists */,
				D66FC0BB18FE35610059D1E2 /* ChecklistsTests */,
			);
		};
/* End PBXProject section */

/* Begin PBXResourcesBuildPhase section */
		D66FC09918FE35610059D1E2 /* Resources */ = {
			isa = PBXResourcesBuildPhase;
			buildActionMask = 2147483647;
			files = (
				D66FC0B718FE35610059D1E2 /* Images.xcassets in Resources */,
				D66FC0A918FE35610059D1E2 /* InfoPlist.strings in Resources */,
				D66FC0B218FE35610059D1E2 /* Main.storyboard in Resources */,
			);
			runOnlyForDeploymentPostprocessing = 0;
		};
		D66FC0BA18FE35610059D1E2 /* Resources */ = {
			isa = PBXResourcesBuildPhase;
			buildActionMask = 2147483647;
			files = (
				D66FC0C818FE35610059D1E2 /* InfoPlist.strings in Resources */,
			);
			runOnlyForDeploymentPostprocessing = 0;
		};
/* End PBXResourcesBuildPhase section */

/* Begin PBXSourcesBuildPhase section */
		D66FC09718FE35610059D1E2 /* Sources */ = {
			isa = PBXSourcesBuildPhase;
			buildActionMask = 2147483647;
			files = (
				D66FC0AB18FE35610059D1E2 /* main.m in Sources */,
				D66FC0AF18FE35610059D1E2 /* ChecklistsAppDelegate.m in Sources */,
				D66FC0B518FE35610059D1E2 /* ChecklistsViewController.m in Sources */,
			);
			runOnlyForDeploymentPostprocessing = 0;
		};
		D66FC0B818FE35610059D1E2 /* Sources */ = {
			isa = PBXSourcesBuildPhase;
			buildActionMask = 2147483647;
			files = (
				D66FC0CA18FE35610059D1E2 /* ChecklistsTests.m in Sources */,
			);
			runOnlyForDeploymentPostprocessing = 0;
		};
/* End PBXSourcesBuildPhase section */

/* Begin PBXTargetDependency section */
		D66FC0C218FE35610059D1E2 /* PBXTargetDependency */ = {
			isa = PBXTargetDependency;
			target = D66FC09A18FE35610059D1E2 /* Checklists */;
			targetProxy = D66FC0C118FE35610059D1E2 /* PBXContainerItemProxy */;
		};
/* End PBXTargetDependency section */

/* Begin PBXVariantGroup section */
		D66FC0A718FE35610059D1E2 /* InfoPlist.strings */ = {
			isa = PBXVariantGroup;
			children = (
				D66FC0A818FE35610059D1E2 /* en */,
			);
			name = InfoPlist.strings;
			sourceTree = "<group>";
		};
		D66FC0B018FE35610059D1E2 /* Main.storyboard */ = {
			isa = PBXVariantGroup;
			children = (
				D66FC0B118FE35610059D1E2 /* Base */,
			);
			name = Main.storyboard;
			sourceTree = "<group>";
		};
		D66FC0C618FE35610059D1E2 /* InfoPlist.strings */ = {
			isa = PBXVariantGroup;
			children = (
				D66FC0C718FE35610059D1E2 /* en */,
			);
			name = InfoPlist.strings;
			sourceTree = "<group>";
		};
/* End PBXVariantGroup section */

/* Begin XCBuildConfiguration section */
		D66FC0CB18FE35610059D1E2 /* Debug */ = {
			isa = XCBuildConfiguration;
			buildSettings = {
				ALWAYS_SEARCH_USER_PATHS = NO;
				CLANG_CXX_LANGUAGE_STANDARD = "gnu++0x";
				CLANG_CXX_LIBRARY = "libc++";
				CLANG_ENABLE_MODULES = YES;
				CLANG_ENABLE_OBJC_ARC = YES;
				CLANG_WARN_BOOL_CONVERSION = YES;
				CLANG_WARN_CONSTANT_CONVERSION = YES;
				CLANG_WARN_DIRECT_OBJC_ISA_USAGE = YES_ERROR;
				CLANG_WARN_EMPTY_BODY = YES;
				CLANG_WARN_ENUM_CONVERSION = YES;
				CLANG_WARN_INT_CONVERSION = YES;
				CLANG_WARN_OBJC_ROOT_CLASS = YES_ERROR;
				CLANG_WARN__DUPLICATE_METHOD_MATCH = YES;
				"CODE_SIGN_IDENTITY[sdk=iphoneos*]" = "iPhone Developer";
				COPY_PHASE_STRIP = NO;
				GCC_C_LANGUAGE_STANDARD = gnu99;
				GCC_DYNAMIC_NO_PIC = NO;
				GCC_OPTIMIZATION_LEVEL = 0;
				GCC_PREPROCESSOR_DEFINITIONS = (
					"DEBUG=1",
					"$(inherited)",
				);
				GCC_SYMBOLS_PRIVATE_EXTERN = NO;
				GCC_WARN_64_TO_32_BIT_CONVERSION = YES;
				GCC_WARN_ABOUT_RETURN_TYPE = YES_ERROR;
				GCC_WARN_UNDECLARED_SELECTOR = YES;
				GCC_WARN_UNINITIALIZED_AUTOS = YES_AGGRESSIVE;
				GCC_WARN_UNUSED_FUNCTION = YES;
				GCC_WARN_UNUSED_VARIABLE = YES;
				IPHONEOS_DEPLOYMENT_TARGET = 7.1;
				ONLY_ACTIVE_ARCH = YES;
				SDKROOT = iphoneos;
			};
			name = Debug;
		};
		D66FC0CC18FE35610059D1E2 /* Release */ = {
			isa = XCBuildConfiguration;
			buildSettings = {
				ALWAYS_SEARCH_USER_PATHS = NO;
				CLANG_CXX_LANGUAGE_STANDARD = "gnu++0x";
				CLANG_CXX_LIBRARY = "libc++";
				CLANG_ENABLE_MODULES = YES;
				CLANG_ENABLE_OBJC_ARC = YES;
				CLANG_WARN_BOOL_CONVERSION = YES;
				CLANG_WARN_CONSTANT_CONVERSION = YES;
				CLANG_WARN_DIRECT_OBJC_ISA_USAGE = YES_ERROR;
				CLANG_WARN_EMPTY_BODY = YES;
				CLANG_WARN_ENUM_CONVERSION = YES;
				CLANG_WARN_INT_CONVERSION = YES;
				CLANG_WARN_OBJC_ROOT_CLASS = YES_ERROR;
				CLANG_WARN__DUPLICATE_METHOD_MATCH = YES;
				"CODE_SIGN_IDENTITY[sdk=iphoneos*]" = "iPhone Developer";
				COPY_PHASE_STRIP = YES;
				ENABLE_NS_ASSERTIONS = NO;
				GCC_C_LANGUAGE_STANDARD = gnu99;
				GCC_WARN_64_TO_32_BIT_CONVERSION = YES;
				GCC_WARN_ABOUT_RETURN_TYPE = YES_ERROR;
				GCC_WARN_UNDECLARED_SELECTOR = YES;
				GCC_WARN_UNINITIALIZED_AUTOS = YES_AGGRESSIVE;
				GCC_WARN_UNUSED_FUNCTION = YES;
				GCC_WARN_UNUSED_VARIABLE = YES;
				IPHONEOS_DEPLOYMENT_TARGET = 7.1;
				SDKROOT = iphoneos;
				VALIDATE_PRODUCT = YES;
			};
			name = Release;
		};
		D66FC0CE18FE35610059D1E2 /* Debug */ = {
			isa = XCBuildConfiguration;
			buildSettings = {
				ASSETCATALOG_COMPILER_APPICON_NAME = AppIcon;
				ASSETCATALOG_COMPILER_LAUNCHIMAGE_NAME = LaunchImage;
				GCC_PRECOMPILE_PREFIX_HEADER = YES;
				GCC_PREFIX_HEADER = "Checklists/Checklists-Prefix.pch";
				INFOPLIST_FILE = "Checklists/Checklists-Info.plist";
				PRODUCT_NAME = "$(TARGET_NAME)";
				WRAPPER_EXTENSION = app;
			};
			name = Debug;
		};
		D66FC0CF18FE35610059D1E2 /* Release */ = {
			isa = XCBuildConfiguration;
			buildSettings = {
				ASSETCATALOG_COMPILER_APPICON_NAME = AppIcon;
				ASSETCATALOG_COMPILER_LAUNCHIMAGE_NAME = LaunchImage;
				GCC_PRECOMPILE_PREFIX_HEADER = YES;
				GCC_PREFIX_HEADER = "Checklists/Checklists-Prefix.pch";
				INFOPLIST_FILE = "Checklists/Checklists-Info.plist";
				PRODUCT_NAME = "$(TARGET_NAME)";
				WRAPPER_EXTENSION = app;
			};
			name = Release;
		};
		D66FC0D118FE35610059D1E2 /* Debug */ = {
			isa = XCBuildConfiguration;
			buildSettings = {
				BUNDLE_LOADER = "$(BUILT_PRODUCTS_DIR)/Checklists.app/Checklists";
				FRAMEWORK_SEARCH_PATHS = (
					"$(SDKROOT)/Developer/Library/Frameworks",
					"$(inherited)",
					"$(DEVELOPER_FRAMEWORKS_DIR)",
				);
				GCC_PRECOMPILE_PREFIX_HEADER = YES;
				GCC_PREFIX_HEADER = "Checklists/Checklists-Prefix.pch";
				GCC_PREPROCESSOR_DEFINITIONS = (
					"DEBUG=1",
					"$(inherited)",
				);
				INFOPLIST_FILE = "ChecklistsTests/ChecklistsTests-Info.plist";
				PRODUCT_NAME = "$(TARGET_NAME)";
				TEST_HOST = "$(BUNDLE_LOADER)";
				WRAPPER_EXTENSION = xctest;
			};
			name = Debug;
		};
		D66FC0D218FE35610059D1E2 /* Release */ = {
			isa = XCBuildConfiguration;
			buildSettings = {
				BUNDLE_LOADER = "$(BUILT_PRODUCTS_DIR)/Checklists.app/Checklists";
				FRAMEWORK_SEARCH_PATHS = (
					"$(SDKROOT)/Developer/Library/Frameworks",
					"$(inherited)",
					"$(DEVELOPER_FRAMEWORKS_DIR)",
				);
				GCC_PRECOMPILE_PREFIX_HEADER = YES;
				GCC_PREFIX_HEADER = "Checklists/Checklists-Prefix.pch";
				INFOPLIST_FILE = "ChecklistsTests/ChecklistsTests-Info.plist";
				PRODUCT_NAME = "$(TARGET_NAME)";
				TEST_HOST = "$(BUNDLE_LOADER)";
				WRAPPER_EXTENSION = xctest;
			};
			name = Release;
		};
/* End XCBuildConfiguration section */

/* Begin XCConfigurationList section */
		D66FC09618FE35610059D1E2 /* Build configuration list for PBXProject "Checklists" */ = {
			isa = XCConfigurationList;
			buildConfigurations = (
				D66FC0CB18FE35610059D1E2 /* Debug */,
				D66FC0CC18FE35610059D1E2 /* Release */,
			);
			defaultConfigurationIsVisible = 0;
			defaultConfigurationName = Release;
		};
		D66FC0CD18FE35610059D1E2 /* Build configuration list for PBXNativeTarget "Checklists" */ = {
			isa = XCConfigurationList;
			buildConfigurations = (
				D66FC0CE18FE35610059D1E2 /* Debug */,
				D66FC0CF18FE35610059D1E2 /* Release */,
			);
			defaultConfigurationIsVisible = 0;
		};
		D66FC0D018FE35610059D1E2 /* Build configuration list for PBXNativeTarget "ChecklistsTests" */ = {
			isa = XCConfigurationList;
			buildConfigurations = (
				D66FC0D118FE35610059D1E2 /* Debug */,
				D66FC0D218FE35610059D1E2 /* Release */,
			);
			defaultConfigurationIsVisible = 0;
		};
/* End XCConfigurationList section */
	};
	rootObject = D66FC09318FE35610059D1E2 /* Project object */;
}
